
Microsoft Visual Studio Solution File, Format Version 12.00
# Visual Studio 2013
VisualStudioVersion = 12.0.21005.1
MinimumVisualStudioVersion = 10.0.40219.1
Project("{FAE04EC0-301F-11D3-BF4B-00C04F79EFBC}") = "GiaiDapWeb", "GiaiDapWeb\GiaiDapWeb.csproj", "{10DB34AB-55EB-4E6B-BE7B-B840AB056290}"
EndProject
Project("{FAE04EC0-301F-11D3-BF4B-00C04F79EFBC}") = "GiaiDapWeb.Tests", "GiaiDapWeb.Tests\GiaiDapWeb.Tests.csproj", "{56E6B11E-9C25-497E-8FC4-6A0994D221AA}"
EndProject
Global
	GlobalSection(SolutionConfigurationPlatforms) = preSolution
		Debug|Any CPU = Debug|Any CPU
		Release|Any CPU = Release|Any CPU
	EndGlobalSection
	GlobalSection(ProjectConfigurationPlatforms) = postSolution
		{10DB34AB-55EB-4E6B-BE7B-B840AB056290}.Debug|Any CPU.ActiveCfg = Debug|Any CPU
		{10DB34AB-55EB-4E6B-BE7B-B840AB056290}.Debug|Any CPU.Build.0 = Debug|Any CPU
		{10DB34AB-55EB-4E6B-BE7B-B840AB056290}.Release|Any CPU.ActiveCfg = Release|Any CPU
		{10DB34AB-55EB-4E6B-BE7B-B840AB056290}.Release|Any CPU.Build.0 = Release|Any CPU
		{56E6B11E-9C25-497E-8FC4-6A0994D221AA}.Debug|Any CPU.ActiveCfg = Debug|Any CPU
		{56E6B11E-9C25-497E-8FC4-6A0994D221AA}.Debug|Any CPU.Build.0 = Debug|Any CPU
		{56E6B11E-9C25-497E-8FC4-6A0994D221AA}.Release|Any CPU.ActiveCfg = Release|Any CPU
		{56E6B11E-9C25-497E-8FC4-6A0994D221AA}.Release|Any CPU.Build.0 = Release|Any CPU
	EndGlobalSection
	GlobalSection(SolutionProperties) = preSolution
		HideSolutionNode = FALSE
	EndGlobalSection
EndGlobal
